# This file is generated by running "yarn install" inside your project.
# Manual changes might be lost - proceed with caution!

__metadata:
  version: 6
  cacheKey: 8

"@esbuild/android-arm@npm:0.15.14":
  version: 0.15.14
  resolution: "@esbuild/android-arm@npm:0.15.14"
  conditions: os=android & cpu=arm
  languageName: node
  linkType: hard

"@esbuild/linux-loong64@npm:0.15.14":
  version: 0.15.14
  resolution: "@esbuild/linux-loong64@npm:0.15.14"
  conditions: os=linux & cpu=loong64
  languageName: node
  linkType: hard

"@hotwired/stimulus@npm:^3.1.1":
  version: 3.1.1
  resolution: "@hotwired/stimulus@npm:3.1.1"
  checksum: acb70e4b11495f125305171e67569f961b067059d71ecbeb0cacd794517bd2f3a9d9760c35e6ebcc098b8e083302a8511a8537bfec6bab7ed1fba950f653687e
  languageName: node
  linkType: hard

"@hotwired/turbo-rails@npm:^7.2.4":
  version: 7.2.4
  resolution: "@hotwired/turbo-rails@npm:7.2.4"
  dependencies:
    "@hotwired/turbo": ^7.2.4
    "@rails/actioncable": ^7.0
  checksum: 658059626a8f1ede0c3e88003f44d764c0da8a852ffb7bd7a09e26298228b2dd2961e1adce4ab0763d3abf5b989456c6ca16cb52bc93b42950ebe73aa6b2f4cf
  languageName: node
  linkType: hard

"@hotwired/turbo@npm:^7.2.4":
  version: 7.2.4
  resolution: "@hotwired/turbo@npm:7.2.4"
  checksum: 83cbcda22cf2fa251a30aa898a57ea6dd9a2b0de71f4d3e364baa300a01a8d52631ae13b44533b516965a557d663788325a930fbc3edab3f85616126b7834c4c
  languageName: node
  linkType: hard

"@rails/actioncable@npm:^7.0":
  version: 7.0.4
  resolution: "@rails/actioncable@npm:7.0.4"
  checksum: b31cae40511a3df4d3048779255219b92f7dd89514f3c9f2da2b219b9b0635261b17b05031c7070756d319bf9165d4d6c021a820b110d53a3e6c441a062accdd
  languageName: node
  linkType: hard

"app@workspace:.":
  version: 0.0.0-use.local
  resolution: "app@workspace:."
  dependencies:
    "@hotwired/stimulus": ^3.1.1
    "@hotwired/turbo-rails": ^7.2.4
    esbuild: ^0.15.14
  languageName: unknown
  linkType: soft

"esbuild-android-64@npm:0.15.14":
  version: 0.15.14
  resolution: "esbuild-android-64@npm:0.15.14"
  conditions: os=android & cpu=x64
  languageName: node
  linkType: hard

"esbuild-android-arm64@npm:0.15.14":
  version: 0.15.14
  resolution: "esbuild-android-arm64@npm:0.15.14"
  conditions: os=android & cpu=arm64
  languageName: node
  linkType: hard

"esbuild-darwin-64@npm:0.15.14":
  version: 0.15.14
  resolution: "esbuild-darwin-64@npm:0.15.14"
  conditions: os=darwin & cpu=x64
  languageName: node
  linkType: hard

"esbuild-darwin-arm64@npm:0.15.14":
  version: 0.15.14
  resolution: "esbuild-darwin-arm64@npm:0.15.14"
  conditions: os=darwin & cpu=arm64
  languageName: node
  linkType: hard

"esbuild-freebsd-64@npm:0.15.14":
  version: 0.15.14
  resolution: "esbuild-freebsd-64@npm:0.15.14"
  conditions: os=freebsd & cpu=x64
  languageName: node
  linkType: hard

"esbuild-freebsd-arm64@npm:0.15.14":
  version: 0.15.14
  resolution: "esbuild-freebsd-arm64@npm:0.15.14"
  conditions: os=freebsd & cpu=arm64
  languageName: node
  linkType: hard

"esbuild-linux-32@npm:0.15.14":
  version: 0.15.14
  resolution: "esbuild-linux-32@npm:0.15.14"
  conditions: os=linux & cpu=ia32
  languageName: node
  linkType: hard

"esbuild-linux-64@npm:0.15.14":
  version: 0.15.14
  resolution: "esbuild-linux-64@npm:0.15.14"
  conditions: os=linux & cpu=x64
  languageName: node
  linkType: hard

"esbuild-linux-arm64@npm:0.15.14":
  version: 0.15.14
  resolution: "esbuild-linux-arm64@npm:0.15.14"
  conditions: os=linux & cpu=arm64
  languageName: node
  linkType: hard

"esbuild-linux-arm@npm:0.15.14":
  version: 0.15.14
  resolution: "esbuild-linux-arm@npm:0.15.14"
  conditions: os=linux & cpu=arm
  languageName: node
  linkType: hard

"esbuild-linux-mips64le@npm:0.15.14":
  version: 0.15.14
  resolution: "esbuild-linux-mips64le@npm:0.15.14"
  conditions: os=linux & cpu=mips64el
  languageName: node
  linkType: hard

"esbuild-linux-ppc64le@npm:0.15.14":
  version: 0.15.14
  resolution: "esbuild-linux-ppc64le@npm:0.15.14"
  conditions: os=linux & cpu=ppc64
  languageName: node
  linkType: hard

"esbuild-linux-riscv64@npm:0.15.14":
  version: 0.15.14
  resolution: "esbuild-linux-riscv64@npm:0.15.14"
  conditions: os=linux & cpu=riscv64
  languageName: node
  linkType: hard

"esbuild-linux-s390x@npm:0.15.14":
  version: 0.15.14
  resolution: "esbuild-linux-s390x@npm:0.15.14"
  conditions: os=linux & cpu=s390x
  languageName: node
  linkType: hard

"esbuild-netbsd-64@npm:0.15.14":
  version: 0.15.14
  resolution: "esbuild-netbsd-64@npm:0.15.14"
  conditions: os=netbsd & cpu=x64
  languageName: node
  linkType: hard

"esbuild-openbsd-64@npm:0.15.14":
  version: 0.15.14
  resolution: "esbuild-openbsd-64@npm:0.15.14"
  conditions: os=openbsd & cpu=x64
  languageName: node
  linkType: hard

"esbuild-sunos-64@npm:0.15.14":
  version: 0.15.14
  resolution: "esbuild-sunos-64@npm:0.15.14"
  conditions: os=sunos & cpu=x64
  languageName: node
  linkType: hard

"esbuild-windows-32@npm:0.15.14":
  version: 0.15.14
  resolution: "esbuild-windows-32@npm:0.15.14"
  conditions: os=win32 & cpu=ia32
  languageName: node
  linkType: hard

"esbuild-windows-64@npm:0.15.14":
  version: 0.15.14
  resolution: "esbuild-windows-64@npm:0.15.14"
  conditions: os=win32 & cpu=x64
  languageName: node
  linkType: hard

"esbuild-windows-arm64@npm:0.15.14":
  version: 0.15.14
  resolution: "esbuild-windows-arm64@npm:0.15.14"
  conditions: os=win32 & cpu=arm64
  languageName: node
  linkType: hard

"esbuild@npm:^0.15.14":
  version: 0.15.14
  resolution: "esbuild@npm:0.15.14"
  dependencies:
    "@esbuild/android-arm": 0.15.14
    "@esbuild/linux-loong64": 0.15.14
    esbuild-android-64: 0.15.14
    esbuild-android-arm64: 0.15.14
    esbuild-darwin-64: 0.15.14
    esbuild-darwin-arm64: 0.15.14
    esbuild-freebsd-64: 0.15.14
    esbuild-freebsd-arm64: 0.15.14
    esbuild-linux-32: 0.15.14
    esbuild-linux-64: 0.15.14
    esbuild-linux-arm: 0.15.14
    esbuild-linux-arm64: 0.15.14
    esbuild-linux-mips64le: 0.15.14
    esbuild-linux-ppc64le: 0.15.14
    esbuild-linux-riscv64: 0.15.14
    esbuild-linux-s390x: 0.15.14
    esbuild-netbsd-64: 0.15.14
    esbuild-openbsd-64: 0.15.14
    esbuild-sunos-64: 0.15.14
    esbuild-windows-32: 0.15.14
    esbuild-windows-64: 0.15.14
    esbuild-windows-arm64: 0.15.14
  dependenciesMeta:
    "@esbuild/android-arm":
      optional: true
    "@esbuild/linux-loong64":
      optional: true
    esbuild-android-64:
      optional: true
    esbuild-android-arm64:
      optional: true
    esbuild-darwin-64:
      optional: true
    esbuild-darwin-arm64:
      optional: true
    esbuild-freebsd-64:
      optional: true
    esbuild-freebsd-arm64:
      optional: true
    esbuild-linux-32:
      optional: true
    esbuild-linux-64:
      optional: true
    esbuild-linux-arm:
      optional: true
    esbuild-linux-arm64:
      optional: true
    esbuild-linux-mips64le:
      optional: true
    esbuild-linux-ppc64le:
      optional: true
    esbuild-linux-riscv64:
      optional: true
    esbuild-linux-s390x:
      optional: true
    esbuild-netbsd-64:
      optional: true
    esbuild-openbsd-64:
      optional: true
    esbuild-sunos-64:
      optional: true
    esbuild-windows-32:
      optional: true
    esbuild-windows-64:
      optional: true
    esbuild-windows-arm64:
      optional: true
  bin:
    esbuild: bin/esbuild
  checksum: 3e09ddca1feed3f2242eb433694bf7f3dc9c974434b80bc09323e61fb5ac940afd0217ee8776f187252b134fb967e323f31fb704d8fe81ed9cab1b49aedad249
  languageName: node
  linkType: hard
